
Microsoft Visual Studio Solution File, Format Version 12.00
# Visual Studio 15
VisualStudioVersion = 15.0.28307.102
MinimumVisualStudioVersion = 10.0.40219.1
Project("{FAE04EC0-301F-11D3-BF4B-00C04F79EFBC}") = "Graphical Programming Language Application", "Graphical Programming Language Application\Graphical Programming Language Application.csproj", "{CEEB0380-9D59-471E-BE80-DD1609AFFAF3}"
EndProject
Global
	GlobalSection(SolutionConfigurationPlatforms) = preSolution
		Debug|Any CPU = Debug|Any CPU
		Release|Any CPU = Release|Any CPU
	EndGlobalSection
	GlobalSection(ProjectConfigurationPlatforms) = postSolution
		{CEEB0380-9D59-471E-BE80-DD1609AFFAF3}.Debug|Any CPU.ActiveCfg = Debug|Any CPU
		{CEEB0380-9D59-471E-BE80-DD1609AFFAF3}.Debug|Any CPU.Build.0 = Debug|Any CPU
		{CEEB0380-9D59-471E-BE80-DD1609AFFAF3}.Release|Any CPU.ActiveCfg = Release|Any CPU
		{CEEB0380-9D59-471E-BE80-DD1609AFFAF3}.Release|Any CPU.Build.0 = Release|Any CPU
	EndGlobalSection
	GlobalSection(SolutionProperties) = preSolution
		HideSolutionNode = FALSE
	EndGlobalSection
	GlobalSection(ExtensibilityGlobals) = postSolution
		SolutionGuid = {04FC3308-667D-465D-9CE3-AB7E08F9360C}
	EndGlobalSection
EndGlobal
